
Microsoft Visual Studio Solution File, Format Version 12.00
# Visual Studio Version 16
VisualStudioVersion = 16.0.29411.108
MinimumVisualStudioVersion = 10.0.40219.1
Project("{6EC3EE1D-3C4E-46DD-8F32-0CC8E7565705}") = "Client", "src\Client\Client.fsproj", "{E6131AB6-007B-4D2C-933E-43309B380B1D}"
EndProject
Project("{6EC3EE1D-3C4E-46DD-8F32-0CC8E7565705}") = "Server", "src\Server\Server.fsproj", "{7B0C7938-483F-4878-90CF-9327E2A32D6E}"
EndProject
Project("{6EC3EE1D-3C4E-46DD-8F32-0CC8E7565705}") = "Scraper", "src\Scraper\Scraper.fsproj", "{570B5C2E-05A4-4C2E-8DD5-30AC6B647A61}"
EndProject
Project("{6EC3EE1D-3C4E-46DD-8F32-0CC8E7565705}") = "Core.Tests", "tests\Core.Tests\Core.Tests.fsproj", "{AF1ED000-4BA5-4968-8B98-24317EFFE1D6}"
EndProject
Project("{6EC3EE1D-3C4E-46DD-8F32-0CC8E7565705}") = "Core", "src\Core\Core.fsproj", "{2A9F3A06-47C2-483A-9F86-0632E39787DA}"
EndProject
Project("{2150E333-8FDC-42A3-9474-1A3956D46DE8}") = "Solution Items", "Solution Items", "{EA3B76E7-FA4F-4F17-BEDF-7088E8E27442}"
	ProjectSection(SolutionItems) = preProject
		.editorconfig = .editorconfig
	EndProjectSection
EndProject
Project("{6EC3EE1D-3C4E-46DD-8F32-0CC8E7565705}") = "Client.UiTests", "tests\Client.UiTests\Client.UiTests.fsproj", "{FAE04EC0-301F-11D3-BF4B-00C04F79EFBC}"
EndProject
Project("{6EC3EE1D-3C4E-46DD-8F32-0CC8E7565705}") = "Core.IntegrationTests", "tests\Core.IntegrationTests\Core.IntegrationTests.fsproj", "{E4892082-9112-486C-B9F8-28B6F3A35F91}"
EndProject
Project("{6EC3EE1D-3C4E-46DD-8F32-0CC8E7565705}") = "WikiParsing", "src\WikiParsing\WikiParsing.fsproj", "{CA632575-A3D8-4B18-B4BB-3AEA1A53FDCF}"
EndProject
Project("{6EC3EE1D-3C4E-46DD-8F32-0CC8E7565705}") = "Common", "src\Common\Common.fsproj", "{E1EB1157-29F2-49C8-9EFB-F6387BEABD29}"
EndProject
Project("{6EC3EE1D-3C4E-46DD-8F32-0CC8E7565705}") = "WikiParsing.Tests", "tests\WikiParsing.Tests\WikiParsing.Tests.fsproj", "{6D4C80DA-828C-43F9-B9AB-C8935A4F117D}"
EndProject
Project("{6EC3EE1D-3C4E-46DD-8F32-0CC8E7565705}") = "Storage", "src\Storage\Storage.fsproj", "{BA4E4D17-89DB-4577-AA9E-FFB3E11615B1}"
EndProject
Global
	GlobalSection(SolutionConfigurationPlatforms) = preSolution
		Debug|Any CPU = Debug|Any CPU
		Release|Any CPU = Release|Any CPU
	EndGlobalSection
	GlobalSection(ProjectConfigurationPlatforms) = postSolution
		{E6131AB6-007B-4D2C-933E-43309B380B1D}.Debug|Any CPU.ActiveCfg = Debug|Any CPU
		{E6131AB6-007B-4D2C-933E-43309B380B1D}.Debug|Any CPU.Build.0 = Debug|Any CPU
		{E6131AB6-007B-4D2C-933E-43309B380B1D}.Release|Any CPU.ActiveCfg = Release|Any CPU
		{E6131AB6-007B-4D2C-933E-43309B380B1D}.Release|Any CPU.Build.0 = Release|Any CPU
		{7B0C7938-483F-4878-90CF-9327E2A32D6E}.Debug|Any CPU.ActiveCfg = Debug|Any CPU
		{7B0C7938-483F-4878-90CF-9327E2A32D6E}.Debug|Any CPU.Build.0 = Debug|Any CPU
		{7B0C7938-483F-4878-90CF-9327E2A32D6E}.Release|Any CPU.ActiveCfg = Release|Any CPU
		{7B0C7938-483F-4878-90CF-9327E2A32D6E}.Release|Any CPU.Build.0 = Release|Any CPU
		{570B5C2E-05A4-4C2E-8DD5-30AC6B647A61}.Debug|Any CPU.ActiveCfg = Debug|Any CPU
		{570B5C2E-05A4-4C2E-8DD5-30AC6B647A61}.Debug|Any CPU.Build.0 = Debug|Any CPU
		{570B5C2E-05A4-4C2E-8DD5-30AC6B647A61}.Release|Any CPU.ActiveCfg = Release|Any CPU
		{570B5C2E-05A4-4C2E-8DD5-30AC6B647A61}.Release|Any CPU.Build.0 = Release|Any CPU
		{AF1ED000-4BA5-4968-8B98-24317EFFE1D6}.Debug|Any CPU.ActiveCfg = Debug|Any CPU
		{AF1ED000-4BA5-4968-8B98-24317EFFE1D6}.Debug|Any CPU.Build.0 = Debug|Any CPU
		{AF1ED000-4BA5-4968-8B98-24317EFFE1D6}.Release|Any CPU.ActiveCfg = Release|Any CPU
		{AF1ED000-4BA5-4968-8B98-24317EFFE1D6}.Release|Any CPU.Build.0 = Release|Any CPU
		{2A9F3A06-47C2-483A-9F86-0632E39787DA}.Debug|Any CPU.ActiveCfg = Debug|Any CPU
		{2A9F3A06-47C2-483A-9F86-0632E39787DA}.Debug|Any CPU.Build.0 = Debug|Any CPU
		{2A9F3A06-47C2-483A-9F86-0632E39787DA}.Release|Any CPU.ActiveCfg = Release|Any CPU
		{2A9F3A06-47C2-483A-9F86-0632E39787DA}.Release|Any CPU.Build.0 = Release|Any CPU
		{FAE04EC0-301F-11D3-BF4B-00C04F79EFBC}.Debug|Any CPU.ActiveCfg = Debug|Any CPU
		{FAE04EC0-301F-11D3-BF4B-00C04F79EFBC}.Debug|Any CPU.Build.0 = Debug|Any CPU
		{FAE04EC0-301F-11D3-BF4B-00C04F79EFBC}.Release|Any CPU.ActiveCfg = Release|Any CPU
		{FAE04EC0-301F-11D3-BF4B-00C04F79EFBC}.Release|Any CPU.Build.0 = Release|Any CPU
		{E4892082-9112-486C-B9F8-28B6F3A35F91}.Debug|Any CPU.ActiveCfg = Debug|Any CPU
		{E4892082-9112-486C-B9F8-28B6F3A35F91}.Debug|Any CPU.Build.0 = Debug|Any CPU
		{E4892082-9112-486C-B9F8-28B6F3A35F91}.Release|Any CPU.ActiveCfg = Release|Any CPU
		{E4892082-9112-486C-B9F8-28B6F3A35F91}.Release|Any CPU.Build.0 = Release|Any CPU
		{CA632575-A3D8-4B18-B4BB-3AEA1A53FDCF}.Debug|Any CPU.ActiveCfg = Debug|Any CPU
		{CA632575-A3D8-4B18-B4BB-3AEA1A53FDCF}.Debug|Any CPU.Build.0 = Debug|Any CPU
		{CA632575-A3D8-4B18-B4BB-3AEA1A53FDCF}.Release|Any CPU.ActiveCfg = Release|Any CPU
		{CA632575-A3D8-4B18-B4BB-3AEA1A53FDCF}.Release|Any CPU.Build.0 = Release|Any CPU
		{E1EB1157-29F2-49C8-9EFB-F6387BEABD29}.Debug|Any CPU.ActiveCfg = Debug|Any CPU
		{E1EB1157-29F2-49C8-9EFB-F6387BEABD29}.Debug|Any CPU.Build.0 = Debug|Any CPU
		{E1EB1157-29F2-49C8-9EFB-F6387BEABD29}.Release|Any CPU.ActiveCfg = Release|Any CPU
		{E1EB1157-29F2-49C8-9EFB-F6387BEABD29}.Release|Any CPU.Build.0 = Release|Any CPU
		{6D4C80DA-828C-43F9-B9AB-C8935A4F117D}.Debug|Any CPU.ActiveCfg = Debug|Any CPU
		{6D4C80DA-828C-43F9-B9AB-C8935A4F117D}.Debug|Any CPU.Build.0 = Debug|Any CPU
		{6D4C80DA-828C-43F9-B9AB-C8935A4F117D}.Release|Any CPU.ActiveCfg = Release|Any CPU
		{6D4C80DA-828C-43F9-B9AB-C8935A4F117D}.Release|Any CPU.Build.0 = Release|Any CPU
		{BA4E4D17-89DB-4577-AA9E-FFB3E11615B1}.Debug|Any CPU.ActiveCfg = Debug|Any CPU
		{BA4E4D17-89DB-4577-AA9E-FFB3E11615B1}.Debug|Any CPU.Build.0 = Debug|Any CPU
		{BA4E4D17-89DB-4577-AA9E-FFB3E11615B1}.Release|Any CPU.ActiveCfg = Release|Any CPU
		{BA4E4D17-89DB-4577-AA9E-FFB3E11615B1}.Release|Any CPU.Build.0 = Release|Any CPU
	EndGlobalSection
	GlobalSection(SolutionProperties) = preSolution
		HideSolutionNode = FALSE
	EndGlobalSection
	GlobalSection(ExtensibilityGlobals) = postSolution
		SolutionGuid = {7A0AA30E-4CD9-4359-9513-BA68E2E85245}
	EndGlobalSection
EndGlobal
